
Microsoft Visual Studio Solution File, Format Version 12.00
# Visual Studio Version 17
VisualStudioVersion = 17.9.34723.18
MinimumVisualStudioVersion = 10.0.40219.1
Project("{FAE04EC0-301F-11D3-BF4B-00C04F79EFBC}") = "ProjectOffice", "ProjectOffice\ProjectOffice.csproj", "{4D58D44B-A318-4ED8-97BC-7D7038E37BBE}"
EndProject
Global
	GlobalSection(SolutionConfigurationPlatforms) = preSolution
		Debug|Any CPU = Debug|Any CPU
		Release|Any CPU = Release|Any CPU
	EndGlobalSection
	GlobalSection(ProjectConfigurationPlatforms) = postSolution
		{4D58D44B-A318-4ED8-97BC-7D7038E37BBE}.Debug|Any CPU.ActiveCfg = Debug|Any CPU
		{4D58D44B-A318-4ED8-97BC-7D7038E37BBE}.Debug|Any CPU.Build.0 = Debug|Any CPU
		{4D58D44B-A318-4ED8-97BC-7D7038E37BBE}.Release|Any CPU.ActiveCfg = Release|Any CPU
		{4D58D44B-A318-4ED8-97BC-7D7038E37BBE}.Release|Any CPU.Build.0 = Release|Any CPU
	EndGlobalSection
	GlobalSection(SolutionProperties) = preSolution
		HideSolutionNode = FALSE
	EndGlobalSection
	GlobalSection(ExtensibilityGlobals) = postSolution
		SolutionGuid = {ED07135E-804B-476D-AD7B-601DB3892427}
	EndGlobalSection
EndGlobal
